
Microsoft Visual Studio Solution File, Format Version 12.00
# Visual Studio 15
Project("{FAE04EC0-301F-11D3-BF4B-00C04F79EFBC}") = "SpeechToText.iOS", "SpeechToText.iOS\SpeechToText.iOS.csproj", "{9E5BF0FA-F090-4403-A66E-7E63F0176709}"
EndProject
Project("{FAE04EC0-301F-11D3-BF4B-00C04F79EFBC}") = "SpeechToText", "SpeechToText\SpeechToText.csproj", "{21F6A0B5-8141-4765-98E9-0A1850ACB686}"
EndProject
Global
	GlobalSection(SolutionConfigurationPlatforms) = preSolution
		Debug|iPhoneSimulator = Debug|iPhoneSimulator
		Release|iPhoneSimulator = Release|iPhoneSimulator
		Debug|iPhone = Debug|iPhone
		Release|iPhone = Release|iPhone
		Debug|Any CPU = Debug|Any CPU
		Release|Any CPU = Release|Any CPU
	EndGlobalSection
	GlobalSection(ProjectConfigurationPlatforms) = postSolution
		{9E5BF0FA-F090-4403-A66E-7E63F0176709}.Debug|iPhoneSimulator.ActiveCfg = Debug|iPhoneSimulator
		{9E5BF0FA-F090-4403-A66E-7E63F0176709}.Debug|iPhoneSimulator.Build.0 = Debug|iPhoneSimulator
		{9E5BF0FA-F090-4403-A66E-7E63F0176709}.Release|iPhoneSimulator.ActiveCfg = Release|iPhoneSimulator
		{9E5BF0FA-F090-4403-A66E-7E63F0176709}.Release|iPhoneSimulator.Build.0 = Release|iPhoneSimulator
		{9E5BF0FA-F090-4403-A66E-7E63F0176709}.Debug|iPhone.ActiveCfg = Debug|iPhone
		{9E5BF0FA-F090-4403-A66E-7E63F0176709}.Debug|iPhone.Build.0 = Debug|iPhone
		{9E5BF0FA-F090-4403-A66E-7E63F0176709}.Release|iPhone.ActiveCfg = Release|iPhone
		{9E5BF0FA-F090-4403-A66E-7E63F0176709}.Release|iPhone.Build.0 = Release|iPhone
		{9E5BF0FA-F090-4403-A66E-7E63F0176709}.Debug|Any CPU.ActiveCfg = Debug|iPhoneSimulator
		{9E5BF0FA-F090-4403-A66E-7E63F0176709}.Debug|Any CPU.Build.0 = Debug|iPhoneSimulator
		{9E5BF0FA-F090-4403-A66E-7E63F0176709}.Release|Any CPU.ActiveCfg = Release|iPhoneSimulator
		{9E5BF0FA-F090-4403-A66E-7E63F0176709}.Release|Any CPU.Build.0 = Release|iPhoneSimulator
		{21F6A0B5-8141-4765-98E9-0A1850ACB686}.Debug|iPhoneSimulator.ActiveCfg = Debug|Any CPU
		{21F6A0B5-8141-4765-98E9-0A1850ACB686}.Debug|iPhoneSimulator.Build.0 = Debug|Any CPU
		{21F6A0B5-8141-4765-98E9-0A1850ACB686}.Release|iPhoneSimulator.ActiveCfg = Release|Any CPU
		{21F6A0B5-8141-4765-98E9-0A1850ACB686}.Release|iPhoneSimulator.Build.0 = Release|Any CPU
		{21F6A0B5-8141-4765-98E9-0A1850ACB686}.Debug|iPhone.ActiveCfg = Debug|Any CPU
		{21F6A0B5-8141-4765-98E9-0A1850ACB686}.Debug|iPhone.Build.0 = Debug|Any CPU
		{21F6A0B5-8141-4765-98E9-0A1850ACB686}.Release|iPhone.ActiveCfg = Release|Any CPU
		{21F6A0B5-8141-4765-98E9-0A1850ACB686}.Release|iPhone.Build.0 = Release|Any CPU
		{21F6A0B5-8141-4765-98E9-0A1850ACB686}.Debug|Any CPU.ActiveCfg = Debug|Any CPU
		{21F6A0B5-8141-4765-98E9-0A1850ACB686}.Debug|Any CPU.Build.0 = Debug|Any CPU
		{21F6A0B5-8141-4765-98E9-0A1850ACB686}.Release|Any CPU.ActiveCfg = Release|Any CPU
		{21F6A0B5-8141-4765-98E9-0A1850ACB686}.Release|Any CPU.Build.0 = Release|Any CPU
	EndGlobalSection
EndGlobal
